
Microsoft Visual Studio Solution File, Format Version 12.00
# Visual Studio Version 16
VisualStudioVersion = 16.0.30204.135
MinimumVisualStudioVersion = 10.0.40219.1
Project("{FAE04EC0-301F-11D3-BF4B-00C04F79EFBC}") = "PromotionSystem1.0", "DiscountSystem1.0\PromotionSystem1.0.csproj", "{32876477-8AC7-4DE9-8296-BF487FE406DC}"
EndProject
Project("{FAE04EC0-301F-11D3-BF4B-00C04F79EFBC}") = "PromotionSystemTestProject", "DiscountSystemTestProject\PromotionSystemTestProject.csproj", "{C036BDD2-ED60-4057-89F8-F3EBEB3351F6}"
EndProject
Global
	GlobalSection(SolutionConfigurationPlatforms) = preSolution
		Debug|Any CPU = Debug|Any CPU
		Release|Any CPU = Release|Any CPU
	EndGlobalSection
	GlobalSection(ProjectConfigurationPlatforms) = postSolution
		{32876477-8AC7-4DE9-8296-BF487FE406DC}.Debug|Any CPU.ActiveCfg = Debug|Any CPU
		{32876477-8AC7-4DE9-8296-BF487FE406DC}.Debug|Any CPU.Build.0 = Debug|Any CPU
		{32876477-8AC7-4DE9-8296-BF487FE406DC}.Release|Any CPU.ActiveCfg = Release|Any CPU
		{32876477-8AC7-4DE9-8296-BF487FE406DC}.Release|Any CPU.Build.0 = Release|Any CPU
		{C036BDD2-ED60-4057-89F8-F3EBEB3351F6}.Debug|Any CPU.ActiveCfg = Debug|Any CPU
		{C036BDD2-ED60-4057-89F8-F3EBEB3351F6}.Debug|Any CPU.Build.0 = Debug|Any CPU
		{C036BDD2-ED60-4057-89F8-F3EBEB3351F6}.Release|Any CPU.ActiveCfg = Release|Any CPU
		{C036BDD2-ED60-4057-89F8-F3EBEB3351F6}.Release|Any CPU.Build.0 = Release|Any CPU
	EndGlobalSection
	GlobalSection(SolutionProperties) = preSolution
		HideSolutionNode = FALSE
	EndGlobalSection
	GlobalSection(ExtensibilityGlobals) = postSolution
		SolutionGuid = {710D15BE-523F-4835-9BE0-C68AD0157A29}
	EndGlobalSection
EndGlobal
